
Microsoft Visual Studio Solution File, Format Version 12.00
# Visual Studio 15
VisualStudioVersion = 15.0.27130.2027
MinimumVisualStudioVersion = 10.0.40219.1
Project("{FAE04EC0-301F-11D3-BF4B-00C04F79EFBC}") = "Nutid", "Nutid\Nutid.csproj", "{7336454E-3354-43A0-BA43-3512A5B6CFFD}"
EndProject
Global
	GlobalSection(SolutionConfigurationPlatforms) = preSolution
		Debug|Any CPU = Debug|Any CPU
		Release|Any CPU = Release|Any CPU
	EndGlobalSection
	GlobalSection(ProjectConfigurationPlatforms) = postSolution
		{7336454E-3354-43A0-BA43-3512A5B6CFFD}.Debug|Any CPU.ActiveCfg = Debug|Any CPU
		{7336454E-3354-43A0-BA43-3512A5B6CFFD}.Debug|Any CPU.Build.0 = Debug|Any CPU
		{7336454E-3354-43A0-BA43-3512A5B6CFFD}.Release|Any CPU.ActiveCfg = Release|Any CPU
		{7336454E-3354-43A0-BA43-3512A5B6CFFD}.Release|Any CPU.Build.0 = Release|Any CPU
	EndGlobalSection
	GlobalSection(SolutionProperties) = preSolution
		HideSolutionNode = FALSE
	EndGlobalSection
	GlobalSection(ExtensibilityGlobals) = postSolution
		SolutionGuid = {75E3F514-E25D-4F3B-BE27-E0FD6FB40A7B}
	EndGlobalSection
EndGlobal
